
Microsoft Visual Studio Solution File, Format Version 12.00
# Visual Studio 2013
VisualStudioVersion = 12.0.31101.0
MinimumVisualStudioVersion = 10.0.40219.1
Project("{FAE04EC0-301F-11D3-BF4B-00C04F79EFBC}") = "SocketTest", "SocketTest\SocketTest.csproj", "{441F0DBC-F0D3-41F9-BE7A-DC8EB4F2E038}"
EndProject
Project("{FAE04EC0-301F-11D3-BF4B-00C04F79EFBC}") = "SocketSender", "SocketSender\SocketSender.csproj", "{793AE3FC-B30A-4152-ACEA-DA3B7C064228}"
EndProject
Project("{FAE04EC0-301F-11D3-BF4B-00C04F79EFBC}") = "Socket.Commom", "Socket.Commom\Socket.Commom.csproj", "{44CFDFA9-5741-4B62-B370-BC36C88FA98B}"
EndProject
Global
	GlobalSection(SolutionConfigurationPlatforms) = preSolution
		Debug|Any CPU = Debug|Any CPU
		Release|Any CPU = Release|Any CPU
	EndGlobalSection
	GlobalSection(ProjectConfigurationPlatforms) = postSolution
		{441F0DBC-F0D3-41F9-BE7A-DC8EB4F2E038}.Debug|Any CPU.ActiveCfg = Debug|Any CPU
		{441F0DBC-F0D3-41F9-BE7A-DC8EB4F2E038}.Debug|Any CPU.Build.0 = Debug|Any CPU
		{441F0DBC-F0D3-41F9-BE7A-DC8EB4F2E038}.Release|Any CPU.ActiveCfg = Release|Any CPU
		{441F0DBC-F0D3-41F9-BE7A-DC8EB4F2E038}.Release|Any CPU.Build.0 = Release|Any CPU
		{793AE3FC-B30A-4152-ACEA-DA3B7C064228}.Debug|Any CPU.ActiveCfg = Debug|Any CPU
		{793AE3FC-B30A-4152-ACEA-DA3B7C064228}.Debug|Any CPU.Build.0 = Debug|Any CPU
		{793AE3FC-B30A-4152-ACEA-DA3B7C064228}.Release|Any CPU.ActiveCfg = Release|Any CPU
		{793AE3FC-B30A-4152-ACEA-DA3B7C064228}.Release|Any CPU.Build.0 = Release|Any CPU
		{44CFDFA9-5741-4B62-B370-BC36C88FA98B}.Debug|Any CPU.ActiveCfg = Debug|Any CPU
		{44CFDFA9-5741-4B62-B370-BC36C88FA98B}.Debug|Any CPU.Build.0 = Debug|Any CPU
		{44CFDFA9-5741-4B62-B370-BC36C88FA98B}.Release|Any CPU.ActiveCfg = Release|Any CPU
		{44CFDFA9-5741-4B62-B370-BC36C88FA98B}.Release|Any CPU.Build.0 = Release|Any CPU
	EndGlobalSection
	GlobalSection(SolutionProperties) = preSolution
		HideSolutionNode = FALSE
	EndGlobalSection
EndGlobal
